Microsoft Visual Studio Solution File, Format Version 12.00
# Visual Studio Version 17
VisualStudioVersion = 17.5.2.0
MinimumVisualStudioVersion = 10.0.40219.1
Project("{FAE04EC0-301F-11D3-BF4B-00C04F79EFBC}") = "-CashTillFix", "-CashTillFix.csproj", "{B4947659-FBAC-9530-2101-7A9BE7561E36}"
EndProject
Global
	GlobalSection(SolutionConfigurationPlatforms) = preSolution
		Debug|Any CPU = Debug|Any CPU
		Release|Any CPU = Release|Any CPU
	EndGlobalSection
	GlobalSection(ProjectConfigurationPlatforms) = postSolution
		{B4947659-FBAC-9530-2101-7A9BE7561E36}.Debug|Any CPU.ActiveCfg = Debug|Any CPU
		{B4947659-FBAC-9530-2101-7A9BE7561E36}.Debug|Any CPU.Build.0 = Debug|Any CPU
		{B4947659-FBAC-9530-2101-7A9BE7561E36}.Release|Any CPU.ActiveCfg = Release|Any CPU
		{B4947659-FBAC-9530-2101-7A9BE7561E36}.Release|Any CPU.Build.0 = Release|Any CPU
	EndGlobalSection
	GlobalSection(SolutionProperties) = preSolution
		HideSolutionNode = FALSE
	EndGlobalSection
	GlobalSection(ExtensibilityGlobals) = postSolution
		SolutionGuid = {04BB45DE-F8E8-4B89-AC00-7D75EA2AF419}
	EndGlobalSection
EndGlobal
